
Microsoft Visual Studio Solution File, Format Version 12.00
# Visual Studio Version 16
VisualStudioVersion = 16.0.31424.327
MinimumVisualStudioVersion = 10.0.40219.1
Project("{FAE04EC0-301F-11D3-BF4B-00C04F79EFBC}") = "dotNetRestApi", "dotNetRestApi\dotNetRestApi.csproj", "{DC696C54-AFCA-490D-AFA5-91B166F2B186}"
EndProject
Global
	GlobalSection(SolutionConfigurationPlatforms) = preSolution
		Debug|Any CPU = Debug|Any CPU
		Release|Any CPU = Release|Any CPU
	EndGlobalSection
	GlobalSection(ProjectConfigurationPlatforms) = postSolution
		{DC696C54-AFCA-490D-AFA5-91B166F2B186}.Debug|Any CPU.ActiveCfg = Debug|Any CPU
		{DC696C54-AFCA-490D-AFA5-91B166F2B186}.Debug|Any CPU.Build.0 = Debug|Any CPU
		{DC696C54-AFCA-490D-AFA5-91B166F2B186}.Release|Any CPU.ActiveCfg = Release|Any CPU
		{DC696C54-AFCA-490D-AFA5-91B166F2B186}.Release|Any CPU.Build.0 = Release|Any CPU
	EndGlobalSection
	GlobalSection(SolutionProperties) = preSolution
		HideSolutionNode = FALSE
	EndGlobalSection
	GlobalSection(ExtensibilityGlobals) = postSolution
		SolutionGuid = {B8C74612-9B6B-49A6-9FC2-9499DB771301}
	EndGlobalSection
EndGlobal
